packages:
- package: dbt-labs/audit_helper
  name: audit_helper
  version: 0.13.0
- git: https://github.com/dbt-labs/dbt-codegen.git
  name: codegen
  revision: 52884e848200e4a1e637b30b011b3ee4bc8f5714
- package: brooklyn-data/dbt_artifacts
  name: dbt_artifacts
  version: 2.10.0
- package: dbt-labs/dbt_utils
  name: dbt_utils
  version: 1.1.1
- package: gitlabhq/snowflake_spend
  name: snowflake_spend
  version: 1.4.0
sha1_hash: 57071db88e4d4062df4ee7dc8f8dbdf0d2e34ea1
